
Microsoft Visual Studio Solution File, Format Version 12.00
# Visual Studio Version 16
VisualStudioVersion = 16.0.30621.155
MinimumVisualStudioVersion = 10.0.40219.1
Project("{FAE04EC0-301F-11D3-BF4B-00C04F79EFBC}") = "ConsoleApp12", "ConsoleApp12.csproj", "{E17DF4E4-B59B-4BEE-B8AE-F4018D2AA10A}"
EndProject
Global
	GlobalSection(SolutionConfigurationPlatforms) = preSolution
		Debug|Any CPU = Debug|Any CPU
		Release|Any CPU = Release|Any CPU
	EndGlobalSection
	GlobalSection(ProjectConfigurationPlatforms) = postSolution
		{E17DF4E4-B59B-4BEE-B8AE-F4018D2AA10A}.Debug|Any CPU.ActiveCfg = Debug|Any CPU
		{E17DF4E4-B59B-4BEE-B8AE-F4018D2AA10A}.Debug|Any CPU.Build.0 = Debug|Any CPU
		{E17DF4E4-B59B-4BEE-B8AE-F4018D2AA10A}.Release|Any CPU.ActiveCfg = Release|Any CPU
		{E17DF4E4-B59B-4BEE-B8AE-F4018D2AA10A}.Release|Any CPU.Build.0 = Release|Any CPU
	EndGlobalSection
	GlobalSection(SolutionProperties) = preSolution
		HideSolutionNode = FALSE
	EndGlobalSection
	GlobalSection(ExtensibilityGlobals) = postSolution
		SolutionGuid = {EB52CDB1-2719-4634-B47E-51F3914539E6}
	EndGlobalSection
EndGlobal
